{
  "name": "basic-parse",
  "version": "1.0.0",
  "lockfileVersion": 1,
  "requires": true,
  "dependencies": {
    "artigio-cms-parser": {
      "version": "1.0.0",
      "resolved": "https://registry.npmjs.org/artigio-cms-parser/-/artigio-cms-parser-1.0.0.tgz",
      "integrity": "sha512-ceNzg6YFefO4Or8j+u8eb9bWvD/NbOpk/9Emx1KdVosAVegepNCSbv3BGIl5aFof9XcY1exwDuxgc6uS2fmOjQ=="
    }
  }
}
